
Microsoft Visual Studio Solution File, Format Version 12.00
# Visual Studio 15
VisualStudioVersion = 15.0.26228.4
MinimumVisualStudioVersion = 10.0.40219.1
Project("{FAE04EC0-301F-11D3-BF4B-00C04F79EFBC}") = "MaramAtha.Tests", "MaramAtha.Tests\MaramAtha.Tests.csproj", "{8E10B8A4-733D-4782-B6F0-591FA72FF10E}"
EndProject
Project("{FAE04EC0-301F-11D3-BF4B-00C04F79EFBC}") = "MaranAtha", "MaranAtha\MaranAtha.csproj", "{6BCB2287-C2D9-4766-84C2-E43A53B1A4EA}"
EndProject
Global
	GlobalSection(SolutionConfigurationPlatforms) = preSolution
		Debug|Any CPU = Debug|Any CPU
		Release|Any CPU = Release|Any CPU
	EndGlobalSection
	GlobalSection(ProjectConfigurationPlatforms) = postSolution
		{8E10B8A4-733D-4782-B6F0-591FA72FF10E}.Debug|Any CPU.ActiveCfg = Debug|Any CPU
		{8E10B8A4-733D-4782-B6F0-591FA72FF10E}.Debug|Any CPU.Build.0 = Debug|Any CPU
		{8E10B8A4-733D-4782-B6F0-591FA72FF10E}.Release|Any CPU.ActiveCfg = Release|Any CPU
		{8E10B8A4-733D-4782-B6F0-591FA72FF10E}.Release|Any CPU.Build.0 = Release|Any CPU
		{6BCB2287-C2D9-4766-84C2-E43A53B1A4EA}.Debug|Any CPU.ActiveCfg = Debug|Any CPU
		{6BCB2287-C2D9-4766-84C2-E43A53B1A4EA}.Debug|Any CPU.Build.0 = Debug|Any CPU
		{6BCB2287-C2D9-4766-84C2-E43A53B1A4EA}.Release|Any CPU.ActiveCfg = Release|Any CPU
		{6BCB2287-C2D9-4766-84C2-E43A53B1A4EA}.Release|Any CPU.Build.0 = Release|Any CPU
	EndGlobalSection
	GlobalSection(SolutionProperties) = preSolution
		HideSolutionNode = FALSE
	EndGlobalSection
EndGlobal
